
Microsoft Visual Studio Solution File, Format Version 12.00
# Visual Studio Version 17
VisualStudioVersion = 17.2.32616.157
MinimumVisualStudioVersion = 10.0.40219.1
Project("{FAE04EC0-301F-11D3-BF4B-00C04F79EFBC}") = "test2", "test2\test2.csproj", "{11B7A199-31FC-4B54-9CB6-1720A3259685}"
EndProject
Global
	GlobalSection(SolutionConfigurationPlatforms) = preSolution
		Debug|Any CPU = Debug|Any CPU
		Release|Any CPU = Release|Any CPU
	EndGlobalSection
	GlobalSection(ProjectConfigurationPlatforms) = postSolution
		{11B7A199-31FC-4B54-9CB6-1720A3259685}.Debug|Any CPU.ActiveCfg = Debug|Any CPU
		{11B7A199-31FC-4B54-9CB6-1720A3259685}.Debug|Any CPU.Build.0 = Debug|Any CPU
		{11B7A199-31FC-4B54-9CB6-1720A3259685}.Release|Any CPU.ActiveCfg = Release|Any CPU
		{11B7A199-31FC-4B54-9CB6-1720A3259685}.Release|Any CPU.Build.0 = Release|Any CPU
	EndGlobalSection
	GlobalSection(SolutionProperties) = preSolution
		HideSolutionNode = FALSE
	EndGlobalSection
	GlobalSection(ExtensibilityGlobals) = postSolution
		SolutionGuid = {277491F6-96E5-4CDE-9CB5-33E3AF7A3FA0}
	EndGlobalSection
EndGlobal
